// !$*UTF8*$!
{
	archiveVersion = 1;
	classes = {
	};
	objectVersion = 46;
	objects = {

/* Begin PBXBuildFile section */
		A81C2F551AE2B0F10029DB6E /* Sparkle.framework in Frameworks */ = {isa = PBXBuildFile; fileRef = A81C2F541AE2B0F10029DB6E /* Sparkle.framework */; };
		A81C2F571AE2B12A0029DB6E /* Sparkle.framework in CopyFiles */ = {isa = PBXBuildFile; fileRef = A81C2F541AE2B0F10029DB6E /* Sparkle.framework */; settings = {ATTRIBUTES = (CodeSignOnCopy, RemoveHeadersOnCopy, ); }; };
		A834C56A1ADD7B200077CA93 /* extraLife.wav in Resources */ = {isa = PBXBuildFile; fileRef = A834C5691ADD7B200077CA93 /* extraLife.wav */; };
		A83D4A6E1AD9909E0014A982 /* libz.dylib in Frameworks */ = {isa = PBXBuildFile; fileRef = A83D4A6D1AD9909E0014A982 /* libz.dylib */; };
		A83D4A9D1AD999390014A982 /* NSUtils.swift in Sources */ = {isa = PBXBuildFile; fileRef = A83D4A9C1AD999390014A982 /* NSUtils.swift */; };
		A83D4A9F1AD9C20E0014A982 /* DisplacementAble.swift in Sources */ = {isa = PBXBuildFile; fileRef = A83D4A9E1AD9C20D0014A982 /* DisplacementAble.swift */; };
		A83D4AA61AD9E8110014A982 /* Tweets.swift in Sources */ = {isa = PBXBuildFile; fileRef = A83D4AA51AD9E8110014A982 /* Tweets.swift */; };
		A83D4AB01ADA938C0014A982 /* our-tiles.png in Resources */ = {isa = PBXBuildFile; fileRef = A83D4AAC1ADA938C0014A982 /* our-tiles.png */; };
		A83D4AB21ADA938C0014A982 /* our-tiles@2x.png in Resources */ = {isa = PBXBuildFile; fileRef = A83D4AAE1ADA938C0014A982 /* our-tiles@2x.png */; };
		A83D4AB71ADA98880014A982 /* hiss0.wav in Resources */ = {isa = PBXBuildFile; fileRef = A83D4AB61ADA98880014A982 /* hiss0.wav */; };
		A83D4AB91ADA98B50014A982 /* hiss1.wav in Resources */ = {isa = PBXBuildFile; fileRef = A83D4AB81ADA98B50014A982 /* hiss1.wav */; };
		A83D4ABB1ADA98D00014A982 /* hiss2.wav in Resources */ = {isa = PBXBuildFile; fileRef = A83D4ABA1ADA98D00014A982 /* hiss2.wav */; };
		A83D4ABD1ADA9F1F0014A982 /* IntroScene.swift in Sources */ = {isa = PBXBuildFile; fileRef = A83D4ABC1ADA9F1F0014A982 /* IntroScene.swift */; };
		A83D4ABF1ADAAB3A0014A982 /* Intro.m4v in Resources */ = {isa = PBXBuildFile; fileRef = A83D4ABE1ADAAB3A0014A982 /* Intro.m4v */; };
		A84B58D51AD9869500478227 /* AppDelegate.swift in Sources */ = {isa = PBXBuildFile; fileRef = A84B58D41AD9869500478227 /* AppDelegate.swift */; };
		A84B58DE1AD9869500478227 /* MainMenu.xib in Resources */ = {isa = PBXBuildFile; fileRef = A84B58DC1AD9869500478227 /* MainMenu.xib */; };
		A84B58EA1AD9869500478227 /* Arway_The_Running_WinnerTests.swift in Sources */ = {isa = PBXBuildFile; fileRef = A84B58E91AD9869500478227 /* Arway_The_Running_WinnerTests.swift */; };
		A84B58F81AD986CB00478227 /* GameLevelScene.swift in Sources */ = {isa = PBXBuildFile; fileRef = A84B58F31AD986CB00478227 /* GameLevelScene.swift */; };
		A84B58F91AD986CB00478227 /* MainMenuScene.swift in Sources */ = {isa = PBXBuildFile; fileRef = A84B58F41AD986CB00478227 /* MainMenuScene.swift */; };
		A84B58FA1AD986CB00478227 /* PlayScene.swift in Sources */ = {isa = PBXBuildFile; fileRef = A84B58F51AD986CB00478227 /* PlayScene.swift */; };
		A84B58FB1AD986CB00478227 /* AboutScene.swift in Sources */ = {isa = PBXBuildFile; fileRef = A84B58F61AD986CB00478227 /* AboutScene.swift */; };
		A84B58FC1AD986CB00478227 /* SettingsScene.swift in Sources */ = {isa = PBXBuildFile; fileRef = A84B58F71AD986CB00478227 /* SettingsScene.swift */; };
		A84B59051AD986F300478227 /* Updatable.swift in Sources */ = {isa = PBXBuildFile; fileRef = A84B58FE1AD986F300478227 /* Updatable.swift */; };
		A84B59061AD986F300478227 /* HoldsItsSprite.swift in Sources */ = {isa = PBXBuildFile; fileRef = A84B58FF1AD986F300478227 /* HoldsItsSprite.swift */; };
		A84B59071AD986F300478227 /* Enemy.swift in Sources */ = {isa = PBXBuildFile; fileRef = A84B59001AD986F300478227 /* Enemy.swift */; };
		A84B59081AD986F300478227 /* MonsterCat.swift in Sources */ = {isa = PBXBuildFile; fileRef = A84B59011AD986F300478227 /* MonsterCat.swift */; };
		A84B59091AD986F300478227 /* Tweet.swift in Sources */ = {isa = PBXBuildFile; fileRef = A84B59021AD986F300478227 /* Tweet.swift */; };
		A84B590A1AD986F300478227 /* Player.swift in Sources */ = {isa = PBXBuildFile; fileRef = A84B59031AD986F300478227 /* Player.swift */; };
		A84B59141AD9871000478227 /* WorldStateWithUI.swift in Sources */ = {isa = PBXBuildFile; fileRef = A84B590D1AD9871000478227 /* WorldStateWithUI.swift */; };
		A84B59151AD9871000478227 /* WorldState.swift in Sources */ = {isa = PBXBuildFile; fileRef = A84B590E1AD9871000478227 /* WorldState.swift */; };
		A84B59161AD9871000478227 /* UIDesigner.swift in Sources */ = {isa = PBXBuildFile; fileRef = A84B590F1AD9871000478227 /* UIDesigner.swift */; };
		A84B59181AD9871000478227 /* Sound.swift in Sources */ = {isa = PBXBuildFile; fileRef = A84B59111AD9871000478227 /* Sound.swift */; };
		A84B59191AD9871000478227 /* UserDefaults.swift in Sources */ = {isa = PBXBuildFile; fileRef = A84B59121AD9871000478227 /* UserDefaults.swift */; };
		A84B591A1AD9871000478227 /* SKUtils.swift in Sources */ = {isa = PBXBuildFile; fileRef = A84B59131AD9871000478227 /* SKUtils.swift */; };
		A84B591C1AD9871C00478227 /* Images.xcassets in Resources */ = {isa = PBXBuildFile; fileRef = A84B591B1AD9871C00478227 /* Images.xcassets */; };
		A84B59231AD9873000478227 /* JSTileMapExtension.swift in Sources */ = {isa = PBXBuildFile; fileRef = A84B591E1AD9873000478227 /* JSTileMapExtension.swift */; };
		A84B59301AD9879F00478227 /* city_spritesheet.png in Resources */ = {isa = PBXBuildFile; fileRef = A84B59271AD9879F00478227 /* city_spritesheet.png */; };
		A84B59311AD9879F00478227 /* city_spritesheet@2x.png in Resources */ = {isa = PBXBuildFile; fileRef = A84B59281AD9879F00478227 /* city_spritesheet@2x.png */; };
		A84B59341AD9879F00478227 /* coin@2x.png in Resources */ = {isa = PBXBuildFile; fileRef = A84B592B1AD9879F00478227 /* coin@2x.png */; };
		A84B59351AD9879F00478227 /* coin.png in Resources */ = {isa = PBXBuildFile; fileRef = A84B592C1AD9879F00478227 /* coin.png */; };
		A84B59361AD9879F00478227 /* bush.png in Resources */ = {isa = PBXBuildFile; fileRef = A84B592D1AD9879F00478227 /* bush.png */; };
		A84B59371AD9879F00478227 /* tiles_spritesheet@2x.png in Resources */ = {isa = PBXBuildFile; fileRef = A84B592E1AD9879F00478227 /* tiles_spritesheet@2x.png */; };
		A84B59381AD9879F00478227 /* tiles_spritesheet.png in Resources */ = {isa = PBXBuildFile; fileRef = A84B592F1AD9879F00478227 /* tiles_spritesheet.png */; };
		A84B59451AD987CF00478227 /* powerup.wav in Resources */ = {isa = PBXBuildFile; fileRef = A84B593F1AD987CF00478227 /* powerup.wav */; };
		A84B59461AD987CF00478227 /* jump.wav in Resources */ = {isa = PBXBuildFile; fileRef = A84B59401AD987CF00478227 /* jump.wav */; };
		A84B59471AD987CF00478227 /* menu.wav in Resources */ = {isa = PBXBuildFile; fileRef = A84B59411AD987CF00478227 /* menu.wav */; };
		A84B59481AD987CF00478227 /* coin.wav in Resources */ = {isa = PBXBuildFile; fileRef = A84B59421AD987CF00478227 /* coin.wav */; };
		A84B59491AD987CF00478227 /* 6dfcd1ecc4db.mp3 in Resources */ = {isa = PBXBuildFile; fileRef = A84B59431AD987CF00478227 /* 6dfcd1ecc4db.mp3 */; };
		A84B594A1AD987CF00478227 /* hurt.wav in Resources */ = {isa = PBXBuildFile; fileRef = A84B59441AD987CF00478227 /* hurt.wav */; };
		A84B59501AD98CA300478227 /* JSTileMap.m in Sources */ = {isa = PBXBuildFile; fileRef = A84B594D1AD98CA300478227 /* JSTileMap.m */; };
		A84B59511AD98CA300478227 /* LFCGzipUtility.m in Sources */ = {isa = PBXBuildFile; fileRef = A84B594F1AD98CA300478227 /* LFCGzipUtility.m */; };
		A85097471AE17E5F00A1D218 /* dsa_pub.pem in Resources */ = {isa = PBXBuildFile; fileRef = A85097461AE17E5F00A1D218 /* dsa_pub.pem */; };
		A85B26111ADB7085002D0AC7 /* World1Level2.tmx in Resources */ = {isa = PBXBuildFile; fileRef = A85B26101ADB7085002D0AC7 /* World1Level2.tmx */; };
		A86F37DC1ADC2776003299C8 /* World3Level2.tmx in Resources */ = {isa = PBXBuildFile; fileRef = A86F37DB1ADC2776003299C8 /* World3Level2.tmx */; };
		A86F37E21ADCEF62003299C8 /* Physics.swift in Sources */ = {isa = PBXBuildFile; fileRef = A86F37E11ADCEF62003299C8 /* Physics.swift */; };
		A8BA83E41ADAE85A006D3D93 /* World1Level1.tmx in Resources */ = {isa = PBXBuildFile; fileRef = A8BA83DF1ADAE85A006D3D93 /* World1Level1.tmx */; };
		A8BA83E51ADAE85A006D3D93 /* World2Level1.tmx in Resources */ = {isa = PBXBuildFile; fileRef = A8BA83E01ADAE85A006D3D93 /* World2Level1.tmx */; };
		A8BA83E61ADAE85A006D3D93 /* World2Level2.tmx in Resources */ = {isa = PBXBuildFile; fileRef = A8BA83E11ADAE85A006D3D93 /* World2Level2.tmx */; };
		A8BA83E71ADAE85A006D3D93 /* World3Level1.tmx in Resources */ = {isa = PBXBuildFile; fileRef = A8BA83E21ADAE85A006D3D93 /* World3Level1.tmx */; };
		A8BA83F21ADB1197006D3D93 /* World4Level1.tmx in Resources */ = {isa = PBXBuildFile; fileRef = A8BA83EF1ADB1197006D3D93 /* World4Level1.tmx */; };
		A8BA83F51ADB11CE006D3D93 /* amy.png in Resources */ = {isa = PBXBuildFile; fileRef = A8BA83F31ADB11CE006D3D93 /* amy.png */; };
		A8BA83F61ADB11CE006D3D93 /* amy@2x.png in Resources */ = {isa = PBXBuildFile; fileRef = A8BA83F41ADB11CE006D3D93 /* amy@2x.png */; };
/* End PBXBuildFile section */

/* Begin PBXContainerItemProxy section */
		A84B58E41AD9869500478227 /* PBXContainerItemProxy */ = {
			isa = PBXContainerItemProxy;
			containerPortal = A84B58C71AD9869500478227 /* Project object */;
			proxyType = 1;
			remoteGlobalIDString = A84B58CE1AD9869500478227;
			remoteInfo = "Arway The Running Winner";
		};
/* End PBXContainerItemProxy section */

/* Begin PBXCopyFilesBuildPhase section */
		A850974B1AE19E9D00A1D218 /* CopyFiles */ = {
			isa = PBXCopyFilesBuildPhase;
			buildActionMask = 2147483647;
			dstPath = "";
			dstSubfolderSpec = 10;
			files = (
				A81C2F571AE2B12A0029DB6E /* Sparkle.framework in CopyFiles */,
			);
			runOnlyForDeploymentPostprocessing = 0;
		};
/* End PBXCopyFilesBuildPhase section */

/* Begin PBXFileReference section */
		A81C2F541AE2B0F10029DB6E /* Sparkle.framework */ = {isa = PBXFileReference; lastKnownFileType = wrapper.framework; path = Sparkle.framework; sourceTree = "<group>"; };
		A834C5691ADD7B200077CA93 /* extraLife.wav */ = {isa = PBXFileReference; lastKnownFileType = audio.wav; path = extraLife.wav; sourceTree = "<group>"; };
		A83D4A6D1AD9909E0014A982 /* libz.dylib */ = {isa = PBXFileReference; lastKnownFileType = "compiled.mach-o.dylib"; name = libz.dylib; path = usr/lib/libz.dylib; sourceTree = SDKROOT; };
		A83D4A9C1AD999390014A982 /* NSUtils.swift */ = {isa = PBXFileReference; fileEncoding = 4; lastKnownFileType = sourcecode.swift; path = NSUtils.swift; sourceTree = "<group>"; };
		A83D4A9E1AD9C20D0014A982 /* DisplacementAble.swift */ = {isa = PBXFileReference; fileEncoding = 4; lastKnownFileType = sourcecode.swift; path = DisplacementAble.swift; sourceTree = "<group>"; };
		A83D4AA51AD9E8110014A982 /* Tweets.swift */ = {isa = PBXFileReference; fileEncoding = 4; lastKnownFileType = sourcecode.swift; path = Tweets.swift; sourceTree = "<group>"; };
		A83D4AAC1ADA938C0014A982 /* our-tiles.png */ = {isa = PBXFileReference; lastKnownFileType = image.png; path = "our-tiles.png"; sourceTree = "<group>"; };
		A83D4AAE1ADA938C0014A982 /* our-tiles@2x.png */ = {isa = PBXFileReference; lastKnownFileType = image.png; path = "our-tiles@2x.png"; sourceTree = "<group>"; };
		A83D4AB61ADA98880014A982 /* hiss0.wav */ = {isa = PBXFileReference; lastKnownFileType = audio.wav; path = hiss0.wav; sourceTree = "<group>"; };
		A83D4AB81ADA98B50014A982 /* hiss1.wav */ = {isa = PBXFileReference; lastKnownFileType = audio.wav; path = hiss1.wav; sourceTree = "<group>"; };
		A83D4ABA1ADA98D00014A982 /* hiss2.wav */ = {isa = PBXFileReference; lastKnownFileType = audio.wav; path = hiss2.wav; sourceTree = "<group>"; };
		A83D4ABC1ADA9F1F0014A982 /* IntroScene.swift */ = {isa = PBXFileReference; fileEncoding = 4; lastKnownFileType = sourcecode.swift; path = IntroScene.swift; sourceTree = "<group>"; };
		A83D4ABE1ADAAB3A0014A982 /* Intro.m4v */ = {isa = PBXFileReference; lastKnownFileType = file; path = Intro.m4v; sourceTree = "<group>"; };
		A84B58CF1AD9869500478227 /* Arway The Running Winner.app */ = {isa = PBXFileReference; explicitFileType = wrapper.application; includeInIndex = 0; path = "Arway The Running Winner.app"; sourceTree = BUILT_PRODUCTS_DIR; };
		A84B58D31AD9869500478227 /* Info.plist */ = {isa = PBXFileReference; lastKnownFileType = text.plist.xml; path = Info.plist; sourceTree = "<group>"; };
		A84B58D41AD9869500478227 /* AppDelegate.swift */ = {isa = PBXFileReference; lastKnownFileType = sourcecode.swift; path = AppDelegate.swift; sourceTree = "<group>"; };
		A84B58DD1AD9869500478227 /* Base */ = {isa = PBXFileReference; lastKnownFileType = file.xib; name = Base; path = Base.lproj/MainMenu.xib; sourceTree = "<group>"; };
		A84B58E31AD9869500478227 /* Arway The Running WinnerTests.xctest */ = {isa = PBXFileReference; explicitFileType = wrapper.cfbundle; includeInIndex = 0; path = "Arway The Running WinnerTests.xctest"; sourceTree = BUILT_PRODUCTS_DIR; };
		A84B58E81AD9869500478227 /* Info.plist */ = {isa = PBXFileReference; lastKnownFileType = text.plist.xml; path = Info.plist; sourceTree = "<group>"; };
		A84B58E91AD9869500478227 /* Arway_The_Running_WinnerTests.swift */ = {isa = PBXFileReference; lastKnownFileType = sourcecode.swift; path = Arway_The_Running_WinnerTests.swift; sourceTree = "<group>"; };
		A84B58F31AD986CB00478227 /* GameLevelScene.swift */ = {isa = PBXFileReference; fileEncoding = 4; lastKnownFileType = sourcecode.swift; path = GameLevelScene.swift; sourceTree = "<group>"; };
		A84B58F41AD986CB00478227 /* MainMenuScene.swift */ = {isa = PBXFileReference; fileEncoding = 4; lastKnownFileType = sourcecode.swift; path = MainMenuScene.swift; sourceTree = "<group>"; };
		A84B58F51AD986CB00478227 /* PlayScene.swift */ = {isa = PBXFileReference; fileEncoding = 4; lastKnownFileType = sourcecode.swift; path = PlayScene.swift; sourceTree = "<group>"; };
		A84B58F61AD986CB00478227 /* AboutScene.swift */ = {isa = PBXFileReference; fileEncoding = 4; lastKnownFileType = sourcecode.swift; path = AboutScene.swift; sourceTree = "<group>"; };
		A84B58F71AD986CB00478227 /* SettingsScene.swift */ = {isa = PBXFileReference; fileEncoding = 4; lastKnownFileType = sourcecode.swift; path = SettingsScene.swift; sourceTree = "<group>"; };
		A84B58FE1AD986F300478227 /* Updatable.swift */ = {isa = PBXFileReference; fileEncoding = 4; lastKnownFileType = sourcecode.swift; path = Updatable.swift; sourceTree = "<group>"; };
		A84B58FF1AD986F300478227 /* HoldsItsSprite.swift */ = {isa = PBXFileReference; fileEncoding = 4; lastKnownFileType = sourcecode.swift; path = HoldsItsSprite.swift; sourceTree = "<group>"; };
		A84B59001AD986F300478227 /* Enemy.swift */ = {isa = PBXFileReference; fileEncoding = 4; lastKnownFileType = sourcecode.swift; path = Enemy.swift; sourceTree = "<group>"; };
		A84B59011AD986F300478227 /* MonsterCat.swift */ = {isa = PBXFileReference; fileEncoding = 4; lastKnownFileType = sourcecode.swift; path = MonsterCat.swift; sourceTree = "<group>"; };
		A84B59021AD986F300478227 /* Tweet.swift */ = {isa = PBXFileReference; fileEncoding = 4; lastKnownFileType = sourcecode.swift; path = Tweet.swift; sourceTree = "<group>"; };
		A84B59031AD986F300478227 /* Player.swift */ = {isa = PBXFileReference; fileEncoding = 4; lastKnownFileType = sourcecode.swift; path = Player.swift; sourceTree = "<group>"; };
		A84B590D1AD9871000478227 /* WorldStateWithUI.swift */ = {isa = PBXFileReference; fileEncoding = 4; lastKnownFileType = sourcecode.swift; path = WorldStateWithUI.swift; sourceTree = "<group>"; };
		A84B590E1AD9871000478227 /* WorldState.swift */ = {isa = PBXFileReference; fileEncoding = 4; lastKnownFileType = sourcecode.swift; path = WorldState.swift; sourceTree = "<group>"; };
		A84B590F1AD9871000478227 /* UIDesigner.swift */ = {isa = PBXFileReference; fileEncoding = 4; lastKnownFileType = sourcecode.swift; path = UIDesigner.swift; sourceTree = "<group>"; };
		A84B59111AD9871000478227 /* Sound.swift */ = {isa = PBXFileReference; fileEncoding = 4; lastKnownFileType = sourcecode.swift; path = Sound.swift; sourceTree = "<group>"; };
		A84B59121AD9871000478227 /* UserDefaults.swift */ = {isa = PBXFileReference; fileEncoding = 4; lastKnownFileType = sourcecode.swift; path = UserDefaults.swift; sourceTree = "<group>"; };
		A84B59131AD9871000478227 /* SKUtils.swift */ = {isa = PBXFileReference; fileEncoding = 4; lastKnownFileType = sourcecode.swift; path = SKUtils.swift; sourceTree = "<group>"; };
		A84B591B1AD9871C00478227 /* Images.xcassets */ = {isa = PBXFileReference; lastKnownFileType = folder.assetcatalog; path = Images.xcassets; sourceTree = "<group>"; };
		A84B591D1AD9873000478227 /* Arway The Running Winner-Bridging-Header.h */ = {isa = PBXFileReference; lastKnownFileType = sourcecode.c.h; path = "Arway The Running Winner-Bridging-Header.h"; sourceTree = "<group>"; };
		A84B591E1AD9873000478227 /* JSTileMapExtension.swift */ = {isa = PBXFileReference; fileEncoding = 4; lastKnownFileType = sourcecode.swift; path = JSTileMapExtension.swift; sourceTree = "<group>"; };
		A84B59271AD9879F00478227 /* city_spritesheet.png */ = {isa = PBXFileReference; lastKnownFileType = image.png; path = city_spritesheet.png; sourceTree = "<group>"; };
		A84B59281AD9879F00478227 /* city_spritesheet@2x.png */ = {isa = PBXFileReference; lastKnownFileType = image.png; path = "city_spritesheet@2x.png"; sourceTree = "<group>"; };
		A84B592B1AD9879F00478227 /* coin@2x.png */ = {isa = PBXFileReference; lastKnownFileType = image.png; path = "coin@2x.png"; sourceTree = "<group>"; };
		A84B592C1AD9879F00478227 /* coin.png */ = {isa = PBXFileReference; lastKnownFileType = image.png; path = coin.png; sourceTree = "<group>"; };
		A84B592D1AD9879F00478227 /* bush.png */ = {isa = PBXFileReference; lastKnownFileType = image.png; path = bush.png; sourceTree = "<group>"; };
		A84B592E1AD9879F00478227 /* tiles_spritesheet@2x.png */ = {isa = PBXFileReference; lastKnownFileType = image.png; path = "tiles_spritesheet@2x.png"; sourceTree = "<group>"; };
		A84B592F1AD9879F00478227 /* tiles_spritesheet.png */ = {isa = PBXFileReference; lastKnownFileType = image.png; path = tiles_spritesheet.png; sourceTree = "<group>"; };
		A84B593F1AD987CF00478227 /* powerup.wav */ = {isa = PBXFileReference; lastKnownFileType = audio.wav; path = powerup.wav; sourceTree = "<group>"; };
		A84B59401AD987CF00478227 /* jump.wav */ = {isa = PBXFileReference; lastKnownFileType = audio.wav; path = jump.wav; sourceTree = "<group>"; };
		A84B59411AD987CF00478227 /* menu.wav */ = {isa = PBXFileReference; lastKnownFileType = audio.wav; path = menu.wav; sourceTree = "<group>"; };
		A84B59421AD987CF00478227 /* coin.wav */ = {isa = PBXFileReference; lastKnownFileType = audio.wav; path = coin.wav; sourceTree = "<group>"; };
		A84B59431AD987CF00478227 /* 6dfcd1ecc4db.mp3 */ = {isa = PBXFileReference; lastKnownFileType = audio.mp3; path = 6dfcd1ecc4db.mp3; sourceTree = "<group>"; };
		A84B59441AD987CF00478227 /* hurt.wav */ = {isa = PBXFileReference; lastKnownFileType = audio.wav; path = hurt.wav; sourceTree = "<group>"; };
		A84B594C1AD98CA300478227 /* JSTileMap.h */ = {isa = PBXFileReference; fileEncoding = 4; lastKnownFileType = sourcecode.c.h; path = JSTileMap.h; sourceTree = "<group>"; };
		A84B594D1AD98CA300478227 /* JSTileMap.m */ = {isa = PBXFileReference; fileEncoding = 4; lastKnownFileType = sourcecode.c.objc; path = JSTileMap.m; sourceTree = "<group>"; };
		A84B594E1AD98CA300478227 /* LFCGzipUtility.h */ = {isa = PBXFileReference; fileEncoding = 4; lastKnownFileType = sourcecode.c.h; path = LFCGzipUtility.h; sourceTree = "<group>"; };
		A84B594F1AD98CA300478227 /* LFCGzipUtility.m */ = {isa = PBXFileReference; fileEncoding = 4; lastKnownFileType = sourcecode.c.objc; path = LFCGzipUtility.m; sourceTree = "<group>"; };
		A85097461AE17E5F00A1D218 /* dsa_pub.pem */ = {isa = PBXFileReference; fileEncoding = 4; lastKnownFileType = text; path = dsa_pub.pem; sourceTree = "<group>"; };
		A85B26101ADB7085002D0AC7 /* World1Level2.tmx */ = {isa = PBXFileReference; fileEncoding = 4; lastKnownFileType = text.xml; path = World1Level2.tmx; sourceTree = "<group>"; };
		A86F37DB1ADC2776003299C8 /* World3Level2.tmx */ = {isa = PBXFileReference; fileEncoding = 4; lastKnownFileType = text.xml; path = World3Level2.tmx; sourceTree = "<group>"; };
		A86F37E11ADCEF62003299C8 /* Physics.swift */ = {isa = PBXFileReference; fileEncoding = 4; lastKnownFileType = sourcecode.swift; path = Physics.swift; sourceTree = "<group>"; };
		A8BA83DF1ADAE85A006D3D93 /* World1Level1.tmx */ = {isa = PBXFileReference; fileEncoding = 4; lastKnownFileType = text.xml; path = World1Level1.tmx; sourceTree = "<group>"; };
		A8BA83E01ADAE85A006D3D93 /* World2Level1.tmx */ = {isa = PBXFileReference; fileEncoding = 4; lastKnownFileType = text.xml; path = World2Level1.tmx; sourceTree = "<group>"; };
		A8BA83E11ADAE85A006D3D93 /* World2Level2.tmx */ = {isa = PBXFileReference; fileEncoding = 4; lastKnownFileType = text.xml; path = World2Level2.tmx; sourceTree = "<group>"; };
		A8BA83E21ADAE85A006D3D93 /* World3Level1.tmx */ = {isa = PBXFileReference; fileEncoding = 4; lastKnownFileType = text.xml; path = World3Level1.tmx; sourceTree = "<group>"; };
		A8BA83EF1ADB1197006D3D93 /* World4Level1.tmx */ = {isa = PBXFileReference; fileEncoding = 4; lastKnownFileType = text.xml; path = World4Level1.tmx; sourceTree = "<group>"; };
		A8BA83F31ADB11CE006D3D93 /* amy.png */ = {isa = PBXFileReference; lastKnownFileType = image.png; path = amy.png; sourceTree = "<group>"; };
		A8BA83F41ADB11CE006D3D93 /* amy@2x.png */ = {isa = PBXFileReference; lastKnownFileType = image.png; path = "amy@2x.png"; sourceTree = "<group>"; };
/* End PBXFileReference section */

/* Begin PBXFrameworksBuildPhase section */
		A84B58CC1AD9869500478227 /* Frameworks */ = {
			isa = PBXFrameworksBuildPhase;
			buildActionMask = 2147483647;
			files = (
				A83D4A6E1AD9909E0014A982 /* libz.dylib in Frameworks */,
				A81C2F551AE2B0F10029DB6E /* Sparkle.framework in Frameworks */,
			);
			runOnlyForDeploymentPostprocessing = 0;
		};
		A84B58E01AD9869500478227 /* Frameworks */ = {
			isa = PBXFrameworksBuildPhase;
			buildActionMask = 2147483647;
			files = (
			);
			runOnlyForDeploymentPostprocessing = 0;
		};
/* End PBXFrameworksBuildPhase section */

/* Begin PBXGroup section */
		A83D4AA21AD9DD790014A982 /* Utils */ = {
			isa = PBXGroup;
			children = (
				A83D4A9C1AD999390014A982 /* NSUtils.swift */,
				A84B59131AD9871000478227 /* SKUtils.swift */,
				A84B59261AD9873900478227 /* JSTileMap */,
			);
			name = Utils;
			sourceTree = "<group>";
		};
		A84B58C61AD9869500478227 = {
			isa = PBXGroup;
			children = (
				A84B58D11AD9869500478227 /* Arway The Running Winner */,
				A84B58E61AD9869500478227 /* Arway The Running WinnerTests */,
				A84B58D01AD9869500478227 /* Products */,
			);
			sourceTree = "<group>";
		};
		A84B58D01AD9869500478227 /* Products */ = {
			isa = PBXGroup;
			children = (
				A84B58CF1AD9869500478227 /* Arway The Running Winner.app */,
				A84B58E31AD9869500478227 /* Arway The Running WinnerTests.xctest */,
			);
			name = Products;
			sourceTree = "<group>";
		};
		A84B58D11AD9869500478227 /* Arway The Running Winner */ = {
			isa = PBXGroup;
			children = (
				A84B58D41AD9869500478227 /* AppDelegate.swift */,
				A83D4AA51AD9E8110014A982 /* Tweets.swift */,
				A86F37E11ADCEF62003299C8 /* Physics.swift */,
				A84B58FD1AD986D400478227 /* Scenes */,
				A84B590C1AD9870000478227 /* Interactive Elements */,
				A84B590D1AD9871000478227 /* WorldStateWithUI.swift */,
				A84B590E1AD9871000478227 /* WorldState.swift */,
				A84B590F1AD9871000478227 /* UIDesigner.swift */,
				A84B59111AD9871000478227 /* Sound.swift */,
				A84B59121AD9871000478227 /* UserDefaults.swift */,
				A83D4AA21AD9DD790014A982 /* Utils */,
				A83D4ABE1ADAAB3A0014A982 /* Intro.m4v */,
				A84B593E1AD987BA00478227 /* Levels */,
				A84B594B1AD987D400478227 /* Sounds */,
				A84B59391AD987A600478227 /* Spritesheets */,
				A84B591B1AD9871C00478227 /* Images.xcassets */,
				A84B591D1AD9873000478227 /* Arway The Running Winner-Bridging-Header.h */,
				A84B58D21AD9869500478227 /* Supporting Files */,
			);
			path = "Arway The Running Winner";
			sourceTree = "<group>";
		};
		A84B58D21AD9869500478227 /* Supporting Files */ = {
			isa = PBXGroup;
			children = (
				A81C2F541AE2B0F10029DB6E /* Sparkle.framework */,
				A85097461AE17E5F00A1D218 /* dsa_pub.pem */,
				A83D4A6D1AD9909E0014A982 /* libz.dylib */,
				A84B58DC1AD9869500478227 /* MainMenu.xib */,
				A84B58D31AD9869500478227 /* Info.plist */,
			);
			name = "Supporting Files";
			sourceTree = "<group>";
		};
		A84B58E61AD9869500478227 /* Arway The Running WinnerTests */ = {
			isa = PBXGroup;
			children = (
				A84B58E91AD9869500478227 /* Arway_The_Running_WinnerTests.swift */,
				A84B58E71AD9869500478227 /* Supporting Files */,
			);
			path = "Arway The Running WinnerTests";
			sourceTree = "<group>";
		};
		A84B58E71AD9869500478227 /* Supporting Files */ = {
			isa = PBXGroup;
			children = (
				A84B58E81AD9869500478227 /* Info.plist */,
			);
			name = "Supporting Files";
			sourceTree = "<group>";
		};
		A84B58FD1AD986D400478227 /* Scenes */ = {
			isa = PBXGroup;
			children = (
				A84B58F31AD986CB00478227 /* GameLevelScene.swift */,
				A84B58F41AD986CB00478227 /* MainMenuScene.swift */,
				A84B58F51AD986CB00478227 /* PlayScene.swift */,
				A83D4ABC1ADA9F1F0014A982 /* IntroScene.swift */,
				A84B58F61AD986CB00478227 /* AboutScene.swift */,
				A84B58F71AD986CB00478227 /* SettingsScene.swift */,
			);
			name = Scenes;
			sourceTree = "<group>";
		};
		A84B590C1AD9870000478227 /* Interactive Elements */ = {
			isa = PBXGroup;
			children = (
				A84B58FE1AD986F300478227 /* Updatable.swift */,
				A84B58FF1AD986F300478227 /* HoldsItsSprite.swift */,
				A84B59001AD986F300478227 /* Enemy.swift */,
				A84B59011AD986F300478227 /* MonsterCat.swift */,
				A84B59021AD986F300478227 /* Tweet.swift */,
				A84B59031AD986F300478227 /* Player.swift */,
				A83D4A9E1AD9C20D0014A982 /* DisplacementAble.swift */,
			);
			name = "Interactive Elements";
			sourceTree = "<group>";
		};
		A84B59261AD9873900478227 /* JSTileMap */ = {
			isa = PBXGroup;
			children = (
				A84B594C1AD98CA300478227 /* JSTileMap.h */,
				A84B594D1AD98CA300478227 /* JSTileMap.m */,
				A84B594E1AD98CA300478227 /* LFCGzipUtility.h */,
				A84B594F1AD98CA300478227 /* LFCGzipUtility.m */,
				A84B591E1AD9873000478227 /* JSTileMapExtension.swift */,
			);
			name = JSTileMap;
			sourceTree = "<group>";
		};
		A84B59391AD987A600478227 /* Spritesheets */ = {
			isa = PBXGroup;
			children = (
				A8BA83F31ADB11CE006D3D93 /* amy.png */,
				A8BA83F41ADB11CE006D3D93 /* amy@2x.png */,
				A83D4AAC1ADA938C0014A982 /* our-tiles.png */,
				A83D4AAE1ADA938C0014A982 /* our-tiles@2x.png */,
				A84B59271AD9879F00478227 /* city_spritesheet.png */,
				A84B59281AD9879F00478227 /* city_spritesheet@2x.png */,
				A84B592B1AD9879F00478227 /* coin@2x.png */,
				A84B592C1AD9879F00478227 /* coin.png */,
				A84B592D1AD9879F00478227 /* bush.png */,
				A84B592E1AD9879F00478227 /* tiles_spritesheet@2x.png */,
				A84B592F1AD9879F00478227 /* tiles_spritesheet.png */,
			);
			name = Spritesheets;
			sourceTree = "<group>";
		};
		A84B593E1AD987BA00478227 /* Levels */ = {
			isa = PBXGroup;
			children = (
				A8BA83DF1ADAE85A006D3D93 /* World1Level1.tmx */,
				A85B26101ADB7085002D0AC7 /* World1Level2.tmx */,
				A8BA83E01ADAE85A006D3D93 /* World2Level1.tmx */,
				A8BA83E11ADAE85A006D3D93 /* World2Level2.tmx */,
				A8BA83E21ADAE85A006D3D93 /* World3Level1.tmx */,
				A86F37DB1ADC2776003299C8 /* World3Level2.tmx */,
				A8BA83EF1ADB1197006D3D93 /* World4Level1.tmx */,
			);
			name = Levels;
			sourceTree = "<group>";
		};
		A84B594B1AD987D400478227 /* Sounds */ = {
			isa = PBXGroup;
			children = (
				A83D4AB61ADA98880014A982 /* hiss0.wav */,
				A83D4AB81ADA98B50014A982 /* hiss1.wav */,
				A83D4ABA1ADA98D00014A982 /* hiss2.wav */,
				A84B593F1AD987CF00478227 /* powerup.wav */,
				A84B59401AD987CF00478227 /* jump.wav */,
				A84B59411AD987CF00478227 /* menu.wav */,
				A84B59421AD987CF00478227 /* coin.wav */,
				A84B59431AD987CF00478227 /* 6dfcd1ecc4db.mp3 */,
				A84B59441AD987CF00478227 /* hurt.wav */,
				A834C5691ADD7B200077CA93 /* extraLife.wav */,
			);
			name = Sounds;
			sourceTree = "<group>";
		};
/* End PBXGroup section */

/* Begin PBXNativeTarget section */
		A84B58CE1AD9869500478227 /* Arway The Running Winner */ = {
			isa = PBXNativeTarget;
			buildConfigurationList = A84B58ED1AD9869500478227 /* Build configuration list for PBXNativeTarget "Arway The Running Winner" */;
			buildPhases = (
				A84B58CB1AD9869500478227 /* Sources */,
				A84B58CC1AD9869500478227 /* Frameworks */,
				A84B58CD1AD9869500478227 /* Resources */,
				A850974B1AE19E9D00A1D218 /* CopyFiles */,
			);
			buildRules = (
			);
			dependencies = (
			);
			name = "Arway The Running Winner";
			productName = "Arway The Running Winner";
			productReference = A84B58CF1AD9869500478227 /* Arway The Running Winner.app */;
			productType = "com.apple.product-type.application";
		};
		A84B58E21AD9869500478227 /* Arway The Running WinnerTests */ = {
			isa = PBXNativeTarget;
			buildConfigurationList = A84B58F01AD9869500478227 /* Build configuration list for PBXNativeTarget "Arway The Running WinnerTests" */;
			buildPhases = (
				A84B58DF1AD9869500478227 /* Sources */,
				A84B58E01AD9869500478227 /* Frameworks */,
				A84B58E11AD9869500478227 /* Resources */,
			);
			buildRules = (
			);
			dependencies = (
				A84B58E51AD9869500478227 /* PBXTargetDependency */,
			);
			name = "Arway The Running WinnerTests";
			productName = "Arway The Running WinnerTests";
			productReference = A84B58E31AD9869500478227 /* Arway The Running WinnerTests.xctest */;
			productType = "com.apple.product-type.bundle.unit-test";
		};
/* End PBXNativeTarget section */

/* Begin PBXProject section */
		A84B58C71AD9869500478227 /* Project object */ = {
			isa = PBXProject;
			attributes = {
				LastUpgradeCheck = 0630;
				ORGANIZATIONNAME = "Anthony Boutinov";
				TargetAttributes = {
					A84B58CE1AD9869500478227 = {
						CreatedOnToolsVersion = 6.3;
					};
					A84B58E21AD9869500478227 = {
						CreatedOnToolsVersion = 6.3;
						TestTargetID = A84B58CE1AD9869500478227;
					};
				};
			};
			buildConfigurationList = A84B58CA1AD9869500478227 /* Build configuration list for PBXProject "Arway The Running Winner" */;
			compatibilityVersion = "Xcode 3.2";
			developmentRegion = English;
			hasScannedForEncodings = 0;
			knownRegions = (
				en,
				Base,
			);
			mainGroup = A84B58C61AD9869500478227;
			productRefGroup = A84B58D01AD9869500478227 /* Products */;
			projectDirPath = "";
			projectRoot = "";
			targets = (
				A84B58CE1AD9869500478227 /* Arway The Running Winner */,
				A84B58E21AD9869500478227 /* Arway The Running WinnerTests */,
			);
		};
/* End PBXProject section */

/* Begin PBXResourcesBuildPhase section */
		A84B58CD1AD9869500478227 /* Resources */ = {
			isa = PBXResourcesBuildPhase;
			buildActionMask = 2147483647;
			files = (
				A84B59461AD987CF00478227 /* jump.wav in Resources */,
				A84B59311AD9879F00478227 /* city_spritesheet@2x.png in Resources */,
				A834C56A1ADD7B200077CA93 /* extraLife.wav in Resources */,
				A8BA83F61ADB11CE006D3D93 /* amy@2x.png in Resources */,
				A8BA83E51ADAE85A006D3D93 /* World2Level1.tmx in Resources */,
				A85B26111ADB7085002D0AC7 /* World1Level2.tmx in Resources */,
				A8BA83E71ADAE85A006D3D93 /* World3Level1.tmx in Resources */,
				A84B59341AD9879F00478227 /* coin@2x.png in Resources */,
				A84B59361AD9879F00478227 /* bush.png in Resources */,
				A84B58DE1AD9869500478227 /* MainMenu.xib in Resources */,
				A84B591C1AD9871C00478227 /* Images.xcassets in Resources */,
				A8BA83F21ADB1197006D3D93 /* World4Level1.tmx in Resources */,
				A84B59381AD9879F00478227 /* tiles_spritesheet.png in Resources */,
				A84B59451AD987CF00478227 /* powerup.wav in Resources */,
				A83D4ABF1ADAAB3A0014A982 /* Intro.m4v in Resources */,
				A84B59481AD987CF00478227 /* coin.wav in Resources */,
				A8BA83E61ADAE85A006D3D93 /* World2Level2.tmx in Resources */,
				A84B594A1AD987CF00478227 /* hurt.wav in Resources */,
				A84B59471AD987CF00478227 /* menu.wav in Resources */,
				A86F37DC1ADC2776003299C8 /* World3Level2.tmx in Resources */,
				A83D4ABB1ADA98D00014A982 /* hiss2.wav in Resources */,
				A83D4AB21ADA938C0014A982 /* our-tiles@2x.png in Resources */,
				A83D4AB01ADA938C0014A982 /* our-tiles.png in Resources */,
				A84B59351AD9879F00478227 /* coin.png in Resources */,
				A84B59491AD987CF00478227 /* 6dfcd1ecc4db.mp3 in Resources */,
				A85097471AE17E5F00A1D218 /* dsa_pub.pem in Resources */,
				A83D4AB91ADA98B50014A982 /* hiss1.wav in Resources */,
				A84B59371AD9879F00478227 /* tiles_spritesheet@2x.png in Resources */,
				A83D4AB71ADA98880014A982 /* hiss0.wav in Resources */,
				A8BA83F51ADB11CE006D3D93 /* amy.png in Resources */,
				A84B59301AD9879F00478227 /* city_spritesheet.png in Resources */,
				A8BA83E41ADAE85A006D3D93 /* World1Level1.tmx in Resources */,
			);
			runOnlyForDeploymentPostprocessing = 0;
		};
		A84B58E11AD9869500478227 /* Resources */ = {
			isa = PBXResourcesBuildPhase;
			buildActionMask = 2147483647;
			files = (
			);
			runOnlyForDeploymentPostprocessing = 0;
		};
/* End PBXResourcesBuildPhase section */

/* Begin PBXSourcesBuildPhase section */
		A84B58CB1AD9869500478227 /* Sources */ = {
			isa = PBXSourcesBuildPhase;
			buildActionMask = 2147483647;
			files = (
				A84B59061AD986F300478227 /* HoldsItsSprite.swift in Sources */,
				A84B59161AD9871000478227 /* UIDesigner.swift in Sources */,
				A84B59501AD98CA300478227 /* JSTileMap.m in Sources */,
				A84B58FC1AD986CB00478227 /* SettingsScene.swift in Sources */,
				A83D4AA61AD9E8110014A982 /* Tweets.swift in Sources */,
				A83D4ABD1ADA9F1F0014A982 /* IntroScene.swift in Sources */,
				A84B59091AD986F300478227 /* Tweet.swift in Sources */,
				A84B59151AD9871000478227 /* WorldState.swift in Sources */,
				A84B58FA1AD986CB00478227 /* PlayScene.swift in Sources */,
				A84B591A1AD9871000478227 /* SKUtils.swift in Sources */,
				A84B590A1AD986F300478227 /* Player.swift in Sources */,
				A83D4A9D1AD999390014A982 /* NSUtils.swift in Sources */,
				A84B58D51AD9869500478227 /* AppDelegate.swift in Sources */,
				A84B59141AD9871000478227 /* WorldStateWithUI.swift in Sources */,
				A83D4A9F1AD9C20E0014A982 /* DisplacementAble.swift in Sources */,
				A84B59051AD986F300478227 /* Updatable.swift in Sources */,
				A84B59071AD986F300478227 /* Enemy.swift in Sources */,
				A84B59181AD9871000478227 /* Sound.swift in Sources */,
				A84B58F91AD986CB00478227 /* MainMenuScene.swift in Sources */,
				A84B59231AD9873000478227 /* JSTileMapExtension.swift in Sources */,
				A84B59191AD9871000478227 /* UserDefaults.swift in Sources */,
				A84B58FB1AD986CB00478227 /* AboutScene.swift in Sources */,
				A84B59081AD986F300478227 /* MonsterCat.swift in Sources */,
				A84B59511AD98CA300478227 /* LFCGzipUtility.m in Sources */,
				A84B58F81AD986CB00478227 /* GameLevelScene.swift in Sources */,
				A86F37E21ADCEF62003299C8 /* Physics.swift in Sources */,
			);
			runOnlyForDeploymentPostprocessing = 0;
		};
		A84B58DF1AD9869500478227 /* Sources */ = {
			isa = PBXSourcesBuildPhase;
			buildActionMask = 2147483647;
			files = (
				A84B58EA1AD9869500478227 /* Arway_The_Running_WinnerTests.swift in Sources */,
			);
			runOnlyForDeploymentPostprocessing = 0;
		};
/* End PBXSourcesBuildPhase section */

/* Begin PBXTargetDependency section */
		A84B58E51AD9869500478227 /* PBXTargetDependency */ = {
			isa = PBXTargetDependency;
			target = A84B58CE1AD9869500478227 /* Arway The Running Winner */;
			targetProxy = A84B58E41AD9869500478227 /* PBXContainerItemProxy */;
		};
/* End PBXTargetDependency section */

/* Begin PBXVariantGroup section */
		A84B58DC1AD9869500478227 /* MainMenu.xib */ = {
			isa = PBXVariantGroup;
			children = (
				A84B58DD1AD9869500478227 /* Base */,
			);
			name = MainMenu.xib;
			sourceTree = "<group>";
		};
/* End PBXVariantGroup section */

/* Begin XCBuildConfiguration section */
		A84B58EB1AD9869500478227 /* Debug */ = {
			isa = XCBuildConfiguration;
			buildSettings = {
				ALWAYS_SEARCH_USER_PATHS = NO;
				CLANG_CXX_LANGUAGE_STANDARD = "gnu++0x";
				CLANG_CXX_LIBRARY = "libc++";
				CLANG_ENABLE_MODULES = YES;
				CLANG_ENABLE_OBJC_ARC = YES;
				CLANG_WARN_BOOL_CONVERSION = YES;
				CLANG_WARN_CONSTANT_CONVERSION = YES;
				CLANG_WARN_DIRECT_OBJC_ISA_USAGE = YES_ERROR;
				CLANG_WARN_EMPTY_BODY = YES;
				CLANG_WARN_ENUM_CONVERSION = YES;
				CLANG_WARN_INT_CONVERSION = YES;
				CLANG_WARN_OBJC_ROOT_CLASS = YES_ERROR;
				CLANG_WARN_UNREACHABLE_CODE = YES;
				CLANG_WARN__DUPLICATE_METHOD_MATCH = YES;
				CODE_SIGN_IDENTITY = "-";
				COPY_PHASE_STRIP = NO;
				DEBUG_INFORMATION_FORMAT = dwarf;
				ENABLE_STRICT_OBJC_MSGSEND = YES;
				GCC_C_LANGUAGE_STANDARD = gnu99;
				GCC_DYNAMIC_NO_PIC = NO;
				GCC_NO_COMMON_BLOCKS = YES;
				GCC_OPTIMIZATION_LEVEL = 0;
				GCC_PREPROCESSOR_DEFINITIONS = (
					"DEBUG=1",
					"$(inherited)",
				);
				GCC_SYMBOLS_PRIVATE_EXTERN = NO;
				GCC_WARN_64_TO_32_BIT_CONVERSION = YES;
				GCC_WARN_ABOUT_RETURN_TYPE = YES_ERROR;
				GCC_WARN_UNDECLARED_SELECTOR = YES;
				GCC_WARN_UNINITIALIZED_AUTOS = YES_AGGRESSIVE;
				GCC_WARN_UNUSED_FUNCTION = YES;
				GCC_WARN_UNUSED_VARIABLE = YES;
				MACOSX_DEPLOYMENT_TARGET = 10.10;
				MTL_ENABLE_DEBUG_INFO = YES;
				ONLY_ACTIVE_ARCH = YES;
				SDKROOT = macosx;
				SWIFT_OPTIMIZATION_LEVEL = "-Onone";
			};
			name = Debug;
		};
		A84B58EC1AD9869500478227 /* Release */ = {
			isa = XCBuildConfiguration;
			buildSettings = {
				ALWAYS_SEARCH_USER_PATHS = NO;
				CLANG_CXX_LANGUAGE_STANDARD = "gnu++0x";
				CLANG_CXX_LIBRARY = "libc++";
				CLANG_ENABLE_MODULES = YES;
				CLANG_ENABLE_OBJC_ARC = YES;
				CLANG_WARN_BOOL_CONVERSION = YES;
				CLANG_WARN_CONSTANT_CONVERSION = YES;
				CLANG_WARN_DIRECT_OBJC_ISA_USAGE = YES_ERROR;
				CLANG_WARN_EMPTY_BODY = YES;
				CLANG_WARN_ENUM_CONVERSION = YES;
				CLANG_WARN_INT_CONVERSION = YES;
				CLANG_WARN_OBJC_ROOT_CLASS = YES_ERROR;
				CLANG_WARN_UNREACHABLE_CODE = YES;
				CLANG_WARN__DUPLICATE_METHOD_MATCH = YES;
				CODE_SIGN_IDENTITY = "-";
				COPY_PHASE_STRIP = NO;
				DEBUG_INFORMATION_FORMAT = "dwarf-with-dsym";
				ENABLE_NS_ASSERTIONS = NO;
				ENABLE_STRICT_OBJC_MSGSEND = YES;
				GCC_C_LANGUAGE_STANDARD = gnu99;
				GCC_NO_COMMON_BLOCKS = YES;
				GCC_WARN_64_TO_32_BIT_CONVERSION = YES;
				GCC_WARN_ABOUT_RETURN_TYPE = YES_ERROR;
				GCC_WARN_UNDECLARED_SELECTOR = YES;
				GCC_WARN_UNINITIALIZED_AUTOS = YES_AGGRESSIVE;
				GCC_WARN_UNUSED_FUNCTION = YES;
				GCC_WARN_UNUSED_VARIABLE = YES;
				MACOSX_DEPLOYMENT_TARGET = 10.10;
				MTL_ENABLE_DEBUG_INFO = NO;
				SDKROOT = macosx;
			};
			name = Release;
		};
		A84B58EE1AD9869500478227 /* Debug */ = {
			isa = XCBuildConfiguration;
			buildSettings = {
				ASSETCATALOG_COMPILER_APPICON_NAME = AppIcon;
				CLANG_ENABLE_MODULES = YES;
				COMBINE_HIDPI_IMAGES = NO;
				FRAMEWORK_SEARCH_PATHS = (
					"$(inherited)",
					"$(PROJECT_DIR)/Arway",
					The,
					Running,
					Winner,
					"$(PROJECT_DIR)/Arway",
					The,
					Running,
					Winner,
				);
				INFOPLIST_FILE = "Arway The Running Winner/Info.plist";
				LD_RUNPATH_SEARCH_PATHS = "$(inherited) @executable_path/../Frameworks @loader_path/../Frameworks";
				OTHER_LDFLAGS = "-Wl,-rpath,@loader_path/../Frameworks";
				PRODUCT_NAME = "$(TARGET_NAME)";
				SWIFT_OBJC_BRIDGING_HEADER = "Arway The Running Winner/Arway The Running Winner-Bridging-Header.h";
				SWIFT_OPTIMIZATION_LEVEL = "-Onone";
				VERSIONING_SYSTEM = "";
			};
			name = Debug;
		};
		A84B58EF1AD9869500478227 /* Release */ = {
			isa = XCBuildConfiguration;
			buildSettings = {
				ASSETCATALOG_COMPILER_APPICON_NAME = AppIcon;
				CLANG_ENABLE_MODULES = YES;
				COMBINE_HIDPI_IMAGES = NO;
				FRAMEWORK_SEARCH_PATHS = (
					"$(inherited)",
					"$(PROJECT_DIR)/Arway",
					The,
					Running,
					Winner,
					"$(PROJECT_DIR)/Arway",
					The,
					Running,
					Winner,
				);
				INFOPLIST_FILE = "Arway The Running Winner/Info.plist";
				LD_RUNPATH_SEARCH_PATHS = "$(inherited) @executable_path/../Frameworks @loader_path/../Frameworks";
				OTHER_LDFLAGS = "-Wl,-rpath,@loader_path/../Frameworks";
				PRODUCT_NAME = "$(TARGET_NAME)";
				SWIFT_OBJC_BRIDGING_HEADER = "Arway The Running Winner/Arway The Running Winner-Bridging-Header.h";
				VERSIONING_SYSTEM = "";
			};
			name = Release;
		};
		A84B58F11AD9869500478227 /* Debug */ = {
			isa = XCBuildConfiguration;
			buildSettings = {
				BUNDLE_LOADER = "$(TEST_HOST)";
				COMBINE_HIDPI_IMAGES = YES;
				FRAMEWORK_SEARCH_PATHS = (
					"$(DEVELOPER_FRAMEWORKS_DIR)",
					"$(inherited)",
				);
				GCC_PREPROCESSOR_DEFINITIONS = (
					"DEBUG=1",
					"$(inherited)",
				);
				INFOPLIST_FILE = "Arway The Running WinnerTests/Info.plist";
				LD_RUNPATH_SEARCH_PATHS = "$(inherited) @executable_path/../Frameworks @loader_path/../Frameworks";
				PRODUCT_NAME = "$(TARGET_NAME)";
				TEST_HOST = "$(BUILT_PRODUCTS_DIR)/Arway The Running Winner.app/Contents/MacOS/Arway The Running Winner";
			};
			name = Debug;
		};
		A84B58F21AD9869500478227 /* Release */ = {
			isa = XCBuildConfiguration;
			buildSettings = {
				BUNDLE_LOADER = "$(TEST_HOST)";
				COMBINE_HIDPI_IMAGES = YES;
				FRAMEWORK_SEARCH_PATHS = (
					"$(DEVELOPER_FRAMEWORKS_DIR)",
					"$(inherited)",
				);
				INFOPLIST_FILE = "Arway The Running WinnerTests/Info.plist";
				LD_RUNPATH_SEARCH_PATHS = "$(inherited) @executable_path/../Frameworks @loader_path/../Frameworks";
				PRODUCT_NAME = "$(TARGET_NAME)";
				TEST_HOST = "$(BUILT_PRODUCTS_DIR)/Arway The Running Winner.app/Contents/MacOS/Arway The Running Winner";
			};
			name = Release;
		};
/* End XCBuildConfiguration section */

/* Begin XCConfigurationList section */
		A84B58CA1AD9869500478227 /* Build configuration list for PBXProject "Arway The Running Winner" */ = {
			isa = XCConfigurationList;
			buildConfigurations = (
				A84B58EB1AD9869500478227 /* Debug */,
				A84B58EC1AD9869500478227 /* Release */,
			);
			defaultConfigurationIsVisible = 0;
			defaultConfigurationName = Release;
		};
		A84B58ED1AD9869500478227 /* Build configuration list for PBXNativeTarget "Arway The Running Winner" */ = {
			isa = XCConfigurationList;
			buildConfigurations = (
				A84B58EE1AD9869500478227 /* Debug */,
				A84B58EF1AD9869500478227 /* Release */,
			);
			defaultConfigurationIsVisible = 0;
			defaultConfigurationName = Release;
		};
		A84B58F01AD9869500478227 /* Build configuration list for PBXNativeTarget "Arway The Running WinnerTests" */ = {
			isa = XCConfigurationList;
			buildConfigurations = (
				A84B58F11AD9869500478227 /* Debug */,
				A84B58F21AD9869500478227 /* Release */,
			);
			defaultConfigurationIsVisible = 0;
			defaultConfigurationName = Release;
		};
/* End XCConfigurationList section */
	};
	rootObject = A84B58C71AD9869500478227 /* Project object */;
}
